{
  "version": 4,
  "terraform_version": "1.5.4",
  "serial": 86,
  "lineage": "0e0fc7b9-aafa-0fca-e0d7-09a195425621",
  "outputs": {
    "alb_curl": {
      "value": "curl http://front-end-2056588351.ap-south-1.elb.amazonaws.com",
      "type": "string"
    },
    "server1_curl": {
      "value": "curl http://13.233.166.146",
      "type": "string"
    },
    "server1_ssh": {
      "value": "ssh -i ~/.ssh/ec2_rsa ubuntu@13.233.166.146",
      "type": "string"
    },
    "server2_curl": {
      "value": "curl http://15.206.195.138",
      "type": "string"
    },
    "server2_ssh": {
      "value": "ssh -i ~/.ssh/ec2_rsa ubuntu@15.206.195.138",
      "type": "string"
    }
  },
  "resources": [
    {
      "mode": "data",
      "type": "aws_ami",
      "name": "ubuntu",
      "provider": "provider[\"registry.terraform.io/hashicorp/aws\"]",
      "instances": [
        {
          "schema_version": 0,
          "attributes": {
            "architecture": "x86_64",
            "arn": "arn:aws:ec2:ap-south-1::image/ami-0e9c37783aae6a27b",
            "block_device_mappings": [
              {
                "device_name": "/dev/sda1",
                "ebs": {
                  "delete_on_termination": "true",
                  "encrypted": "false",
                  "iops": "0",
                  "snapshot_id": "snap-0bce25a94367a7f96",
                  "throughput": "0",
                  "volume_size": "8",
                  "volume_type": "gp2"
                },
                "no_device": "",
                "virtual_name": ""
              },
              {
                "device_name": "/dev/sdb",
                "ebs": {},
                "no_device": "",
                "virtual_name": "ephemeral0"
              },
              {
                "device_name": "/dev/sdc",
                "ebs": {},
                "no_device": "",
                "virtual_name": "ephemeral1"
              }
            ],
            "boot_mode": "legacy-bios",
            "creation_date": "2023-07-26T03:18:37.000Z",
            "deprecation_time": "2025-07-26T03:18:37.000Z",
            "description": "Canonical, Ubuntu, 20.04 LTS, amd64 focal image build on 2023-07-25",
            "ena_support": true,
            "executable_users": null,
            "filter": [
              {
                "name": "name",
                "values": [
                  "ubuntu/images/hvm-ssd/ubuntu-*-20.04-amd64-server-*"
                ]
              },
              {
                "name": "virtualization-type",
                "values": [
                  "hvm"
                ]
              }
            ],
            "hypervisor": "xen",
            "id": "ami-0e9c37783aae6a27b",
            "image_id": "ami-0e9c37783aae6a27b",
            "image_location": "amazon/ubuntu/images/hvm-ssd/ubuntu-focal-20.04-amd64-server-20230725",
            "image_owner_alias": "amazon",
            "image_type": "machine",
            "imds_support": "",
            "include_deprecated": false,
            "kernel_id": "",
            "most_recent": true,
            "name": "ubuntu/images/hvm-ssd/ubuntu-focal-20.04-amd64-server-20230725",
            "name_regex": null,
            "owner_id": "099720109477",
            "owners": [
              "099720109477"
            ],
            "platform": "",
            "platform_details": "Linux/UNIX",
            "product_codes": [],
            "public": true,
            "ramdisk_id": "",
            "root_device_name": "/dev/sda1",
            "root_device_type": "ebs",
            "root_snapshot_id": "snap-0bce25a94367a7f96",
            "sriov_net_support": "simple",
            "state": "available",
            "state_reason": {
              "code": "UNSET",
              "message": "UNSET"
            },
            "tags": {},
            "timeouts": null,
            "tpm_support": "",
            "usage_operation": "RunInstances",
            "virtualization_type": "hvm"
          },
          "sensitive_attributes": []
        }
      ]
    },
    {
      "mode": "data",
      "type": "local_file",
      "name": "public_key",
      "provider": "provider[\"registry.terraform.io/hashicorp/local\"]",
      "instances": [
        {
          "schema_version": 0,
          "attributes": {
            "content": "ssh-rsa AAAAB3NzaC1yc2EAAAADAQABAAABgQD7ZQVHgDS3qmn156lhYEpbLBxDfBX0CEzrkeRFWhimEGYSCND4aWGtrtluVMa+OcFgPshRIisQ2DL6tylVjzZtrTUCg1R4kN54+fxN3vboZ/meC5gMcofxZYGc/BFRdKWbuol65Fsx86qR5PS724njynINCPqc3jbpmYGuyxQXWzYIP+ZCB1UMRtfkhpzprd1zIvmqFmLBwYFS1d3+/3xykU2cfuEhHK4mc0wUZ/z99n5Lfx2AX0E3HVgL+Do5QrlaqNhETx/4GE6pLzklqT/Ot9Pu4pKO5RnOLdyUwZ76U0ezE7m4iaijY6igi4PL/8PMumA2gGl9N8Y7GAlG5EQx+QUmKqefgG0oMa82zOeMzcdoh1GLxu7XSkStQwfQEJlyomzThoqQu38Q0wfG+/g4YRP3iA6LTcnOmnnTr0COfn7rvHw11IgsM/qrmAlRL/FQfx+pM6+23LsOZtcwgFDl9IsK3QQLxuGvfNIsj/lXlVqYJ09gucbJRpQUWk/hak8= chauh@Amit\n",
            "content_base64": "c3NoLXJzYSBBQUFBQjNOemFDMXljMkVBQUFBREFRQUJBQUFCZ1FEN1pRVkhnRFMzcW1uMTU2bGhZRXBiTEJ4RGZCWDBDRXpya2VSRldoaW1FR1lTQ05ENGFXR3RydGx1Vk1hK09jRmdQc2hSSWlzUTJETDZ0eWxWanpadHJUVUNnMVI0a041NCtmeE4zdmJvWi9tZUM1Z01jb2Z4WllHYy9CRlJkS1didW9sNjVGc3g4NnFSNVBTNzI0bmp5bklOQ1BxYzNqYnBtWUd1eXhRWFd6WUlQK1pDQjFVTVJ0ZmtocHpwcmQxekl2bXFGbUxCd1lGUzFkMysvM3h5a1UyY2Z1RWhISzRtYzB3VVovejk5bjVMZngyQVgwRTNIVmdMK0RvNVFybGFxTmhFVHgvNEdFNnBMemtscVQvT3Q5UHU0cEtPNVJuT0xkeVV3Wjc2VTBlekU3bTRpYWlqWTZpZ2k0UEwvOFBNdW1BMmdHbDlOOFk3R0FsRzVFUXgrUVVtS3FlZmdHMG9NYTgyek9lTXpjZG9oMUdMeHU3WFNrU3RRd2ZRRUpseW9telRob3FRdTM4UTB3ZkcrL2c0WVJQM2lBNkxUY25PbW5uVHIwQ09mbjdydkh3MTFJZ3NNL3FybUFsUkwvRlFmeCtwTTYrMjNMc09adGN3Z0ZEbDlJc0szUVFMeHVHdmZOSXNqL2xYbFZxWUowOWd1Y2JKUnBRVVdrL2hhazg9IGNoYXVoQEFtaXQK",
            "content_base64sha256": "rdZMj1euP3CXnx7fE1YJvBEgeA1WKHYZvx0rzoPVkxw=",
            "content_base64sha512": "Q0IUQqj0FQFpwCHtCD+0lx/dBFaBly8vi+/ZsLQ+sdFfrEV6SioqbBjqWDtr3Lu+DabcQKS77W8630tYCRFh5g==",
            "content_md5": "ec2528fbf226569f9602121c3d8b71f5",
            "content_sha1": "de07ce505ccad3649b23df5c9fb89005f37ad915",
            "content_sha256": "add64c8f57ae3f70979f1edf135609bc1120780d56287619bf1d2bce83d5931c",
            "content_sha512": "43421442a8f4150169c021ed083fb4971fdd045681972f2f8befd9b0b43eb1d15fac457a4a2a2a6c18ea583b6bdcbbbe0da6dc40a4bbed6f3adf4b58091161e6",
            "filename": "./ec2_rsa.pub",
            "id": "de07ce505ccad3649b23df5c9fb89005f37ad915"
          },
          "sensitive_attributes": []
        }
      ]
    },
    {
      "mode": "managed",
      "type": "aws_alb_listener",
      "name": "front_end",
      "provider": "provider[\"registry.terraform.io/hashicorp/aws\"]",
      "instances": [
        {
          "schema_version": 0,
          "attributes": {
            "alpn_policy": null,
            "arn": "arn:aws:elasticloadbalancing:ap-south-1:937833747665:listener/app/front-end/a824860b6fdb6beb/668ab9d1d7357c32",
            "certificate_arn": null,
            "default_action": [
              {
                "authenticate_cognito": [],
                "authenticate_oidc": [],
                "fixed_response": [],
                "forward": [],
                "order": 1,
                "redirect": [],
                "target_group_arn": "arn:aws:elasticloadbalancing:ap-south-1:937833747665:targetgroup/front-end/b3baca7d80eab33d",
                "type": "forward"
              }
            ],
            "id": "arn:aws:elasticloadbalancing:ap-south-1:937833747665:listener/app/front-end/a824860b6fdb6beb/668ab9d1d7357c32",
            "load_balancer_arn": "arn:aws:elasticloadbalancing:ap-south-1:937833747665:loadbalancer/app/front-end/a824860b6fdb6beb",
            "port": 80,
            "protocol": "HTTP",
            "ssl_policy": "",
            "tags": null,
            "tags_all": {},
            "timeouts": null
          },
          "sensitive_attributes": [],
          "private": "eyJlMmJmYjczMC1lY2FhLTExZTYtOGY4OC0zNDM2M2JjN2M0YzAiOnsicmVhZCI6NjAwMDAwMDAwMDAwfX0=",
          "dependencies": [
            "aws_lb.front_end",
            "aws_lb_target_group.front_end",
            "aws_security_group.alb",
            "aws_subnet.public_a",
            "aws_subnet.public_c",
            "aws_vpc.main"
          ]
        }
      ]
    },
    {
      "mode": "managed",
      "type": "aws_alb_target_group_attachment",
      "name": "server1",
      "provider": "provider[\"registry.terraform.io/hashicorp/aws\"]",
      "instances": [
        {
          "schema_version": 0,
          "attributes": {
            "availability_zone": null,
            "id": "arn:aws:elasticloadbalancing:ap-south-1:937833747665:targetgroup/front-end/b3baca7d80eab33d-20230803233850540900000003",
            "port": 80,
            "target_group_arn": "arn:aws:elasticloadbalancing:ap-south-1:937833747665:targetgroup/front-end/b3baca7d80eab33d",
            "target_id": "i-0f51c4993044a1d75"
          },
          "sensitive_attributes": [],
          "private": "bnVsbA==",
          "dependencies": [
            "aws_instance.server1",
            "aws_key_pair.ssh_key",
            "aws_lb_target_group.front_end",
            "aws_security_group.server",
            "aws_subnet.public_a",
            "aws_vpc.main",
            "data.aws_ami.ubuntu",
            "data.local_file.public_key"
          ]
        }
      ]
    },
    {
      "mode": "managed",
      "type": "aws_alb_target_group_attachment",
      "name": "server2",
      "provider": "provider[\"registry.terraform.io/hashicorp/aws\"]",
      "instances": [
        {
          "schema_version": 0,
          "attributes": {
            "availability_zone": null,
            "id": "arn:aws:elasticloadbalancing:ap-south-1:937833747665:targetgroup/front-end/b3baca7d80eab33d-20230803233900671700000004",
            "port": 80,
            "target_group_arn": "arn:aws:elasticloadbalancing:ap-south-1:937833747665:targetgroup/front-end/b3baca7d80eab33d",
            "target_id": "i-01c2e1f12761cd7ee"
          },
          "sensitive_attributes": [],
          "private": "bnVsbA==",
          "dependencies": [
            "aws_instance.server2",
            "aws_key_pair.ssh_key",
            "aws_lb_target_group.front_end",
            "aws_security_group.server",
            "aws_subnet.public_c",
            "aws_vpc.main",
            "data.aws_ami.ubuntu",
            "data.local_file.public_key"
          ]
        }
      ]
    },
    {
      "mode": "managed",
      "type": "aws_instance",
      "name": "server1",
      "provider": "provider[\"registry.terraform.io/hashicorp/aws\"]",
      "instances": [
        {
          "schema_version": 1,
          "attributes": {
            "ami": "ami-0e9c37783aae6a27b",
            "arn": "arn:aws:ec2:ap-south-1:937833747665:instance/i-0f51c4993044a1d75",
            "associate_public_ip_address": true,
            "availability_zone": "ap-south-1a",
            "capacity_reservation_specification": [
              {
                "capacity_reservation_preference": "open",
                "capacity_reservation_target": []
              }
            ],
            "cpu_core_count": 1,
            "cpu_options": [
              {
                "amd_sev_snp": "",
                "core_count": 1,
                "threads_per_core": 1
              }
            ],
            "cpu_threads_per_core": 1,
            "credit_specification": [
              {
                "cpu_credits": "standard"
              }
            ],
            "disable_api_stop": false,
            "disable_api_termination": false,
            "ebs_block_device": [],
            "ebs_optimized": false,
            "enclave_options": [
              {
                "enabled": false
              }
            ],
            "ephemeral_block_device": [],
            "get_password_data": false,
            "hibernation": false,
            "host_id": "",
            "host_resource_group_arn": null,
            "iam_instance_profile": "",
            "id": "i-0f51c4993044a1d75",
            "instance_initiated_shutdown_behavior": "stop",
            "instance_state": "running",
            "instance_type": "t2.micro",
            "ipv6_address_count": 0,
            "ipv6_addresses": [],
            "key_name": "iaas-start",
            "launch_template": [],
            "maintenance_options": [
              {
                "auto_recovery": "default"
              }
            ],
            "metadata_options": [
              {
                "http_endpoint": "enabled",
                "http_put_response_hop_limit": 1,
                "http_tokens": "optional",
                "instance_metadata_tags": "disabled"
              }
            ],
            "monitoring": false,
            "network_interface": [],
            "outpost_arn": "",
            "password_data": "",
            "placement_group": "",
            "placement_partition_number": 0,
            "primary_network_interface_id": "eni-0b2316aa4b198ded2",
            "private_dns": "ip-10-0-0-54.ap-south-1.compute.internal",
            "private_dns_name_options": [
              {
                "enable_resource_name_dns_a_record": false,
                "enable_resource_name_dns_aaaa_record": false,
                "hostname_type": "ip-name"
              }
            ],
            "private_ip": "10.0.0.54",
            "public_dns": "ec2-13-233-166-146.ap-south-1.compute.amazonaws.com",
            "public_ip": "13.233.166.146",
            "root_block_device": [
              {
                "delete_on_termination": true,
                "device_name": "/dev/sda1",
                "encrypted": false,
                "iops": 100,
                "kms_key_id": "",
                "tags": {},
                "throughput": 0,
                "volume_id": "vol-03eff5ad8f03b359b",
                "volume_size": 8,
                "volume_type": "gp2"
              }
            ],
            "secondary_private_ips": [],
            "security_groups": [],
            "source_dest_check": true,
            "subnet_id": "subnet-0403aec475dfeb2a4",
            "tags": {
              "Name": "server1"
            },
            "tags_all": {
              "Name": "server1"
            },
            "tenancy": "default",
            "timeouts": null,
            "user_data": "7d748d27118e3df88611e5a2fa9258cfc80e4842",
            "user_data_base64": null,
            "user_data_replace_on_change": false,
            "volume_tags": {
              "Name": "server1"
            },
            "vpc_security_group_ids": [
              "sg-0cd6cb1435e3b6bf0"
            ]
          },
          "sensitive_attributes": [],
          "private": "eyJlMmJmYjczMC1lY2FhLTExZTYtOGY4OC0zNDM2M2JjN2M0YzAiOnsiY3JlYXRlIjo2MDAwMDAwMDAwMDAsImRlbGV0ZSI6MTIwMDAwMDAwMDAwMCwidXBkYXRlIjo2MDAwMDAwMDAwMDB9LCJzY2hlbWFfdmVyc2lvbiI6IjEifQ==",
          "dependencies": [
            "aws_key_pair.ssh_key",
            "aws_security_group.server",
            "aws_subnet.public_a",
            "aws_vpc.main",
            "data.aws_ami.ubuntu",
            "data.local_file.public_key"
          ]
        }
      ]
    },
    {
      "mode": "managed",
      "type": "aws_instance",
      "name": "server2",
      "provider": "provider[\"registry.terraform.io/hashicorp/aws\"]",
      "instances": [
        {
          "schema_version": 1,
          "attributes": {
            "ami": "ami-0e9c37783aae6a27b",
            "arn": "arn:aws:ec2:ap-south-1:937833747665:instance/i-01c2e1f12761cd7ee",
            "associate_public_ip_address": true,
            "availability_zone": "ap-south-1b",
            "capacity_reservation_specification": [
              {
                "capacity_reservation_preference": "open",
                "capacity_reservation_target": []
              }
            ],
            "cpu_core_count": 1,
            "cpu_options": [
              {
                "amd_sev_snp": "",
                "core_count": 1,
                "threads_per_core": 1
              }
            ],
            "cpu_threads_per_core": 1,
            "credit_specification": [
              {
                "cpu_credits": "standard"
              }
            ],
            "disable_api_stop": false,
            "disable_api_termination": false,
            "ebs_block_device": [],
            "ebs_optimized": false,
            "enclave_options": [
              {
                "enabled": false
              }
            ],
            "ephemeral_block_device": [],
            "get_password_data": false,
            "hibernation": false,
            "host_id": "",
            "host_resource_group_arn": null,
            "iam_instance_profile": "",
            "id": "i-01c2e1f12761cd7ee",
            "instance_initiated_shutdown_behavior": "stop",
            "instance_state": "running",
            "instance_type": "t2.micro",
            "ipv6_address_count": 0,
            "ipv6_addresses": [],
            "key_name": "iaas-start",
            "launch_template": [],
            "maintenance_options": [
              {
                "auto_recovery": "default"
              }
            ],
            "metadata_options": [
              {
                "http_endpoint": "enabled",
                "http_put_response_hop_limit": 1,
                "http_tokens": "optional",
                "instance_metadata_tags": "disabled"
              }
            ],
            "monitoring": false,
            "network_interface": [],
            "outpost_arn": "",
            "password_data": "",
            "placement_group": "",
            "placement_partition_number": 0,
            "primary_network_interface_id": "eni-093e19044b2e474f9",
            "private_dns": "ip-10-0-1-68.ap-south-1.compute.internal",
            "private_dns_name_options": [
              {
                "enable_resource_name_dns_a_record": false,
                "enable_resource_name_dns_aaaa_record": false,
                "hostname_type": "ip-name"
              }
            ],
            "private_ip": "10.0.1.68",
            "public_dns": "ec2-15-206-195-138.ap-south-1.compute.amazonaws.com",
            "public_ip": "15.206.195.138",
            "root_block_device": [
              {
                "delete_on_termination": true,
                "device_name": "/dev/sda1",
                "encrypted": false,
                "iops": 100,
                "kms_key_id": "",
                "tags": {},
                "throughput": 0,
                "volume_id": "vol-062f778e5c2be19ca",
                "volume_size": 8,
                "volume_type": "gp2"
              }
            ],
            "secondary_private_ips": [],
            "security_groups": [],
            "source_dest_check": true,
            "subnet_id": "subnet-0f46ebb0812777fe7",
            "tags": {
              "Name": "server2"
            },
            "tags_all": {
              "Name": "server2"
            },
            "tenancy": "default",
            "timeouts": null,
            "user_data": "7d748d27118e3df88611e5a2fa9258cfc80e4842",
            "user_data_base64": null,
            "user_data_replace_on_change": false,
            "volume_tags": {
              "Name": "server2"
            },
            "vpc_security_group_ids": [
              "sg-0cd6cb1435e3b6bf0"
            ]
          },
          "sensitive_attributes": [],
          "private": "eyJlMmJmYjczMC1lY2FhLTExZTYtOGY4OC0zNDM2M2JjN2M0YzAiOnsiY3JlYXRlIjo2MDAwMDAwMDAwMDAsImRlbGV0ZSI6MTIwMDAwMDAwMDAwMCwidXBkYXRlIjo2MDAwMDAwMDAwMDB9LCJzY2hlbWFfdmVyc2lvbiI6IjEifQ==",
          "dependencies": [
            "aws_key_pair.ssh_key",
            "aws_security_group.server",
            "aws_subnet.public_c",
            "aws_vpc.main",
            "data.aws_ami.ubuntu",
            "data.local_file.public_key"
          ]
        }
      ]
    },
    {
      "mode": "managed",
      "type": "aws_internet_gateway",
      "name": "igw",
      "provider": "provider[\"registry.terraform.io/hashicorp/aws\"]",
      "instances": [
        {
          "schema_version": 0,
          "attributes": {
            "arn": "arn:aws:ec2:ap-south-1:937833747665:internet-gateway/igw-02e809e1a8b955ff1",
            "id": "igw-02e809e1a8b955ff1",
            "owner_id": "937833747665",
            "tags": {
              "Name": "igw"
            },
            "tags_all": {
              "Name": "igw"
            },
            "timeouts": null,
            "vpc_id": "vpc-08edb45bb14a6d568"
          },
          "sensitive_attributes": [],
          "private": "eyJlMmJmYjczMC1lY2FhLTExZTYtOGY4OC0zNDM2M2JjN2M0YzAiOnsiY3JlYXRlIjoxMjAwMDAwMDAwMDAwLCJkZWxldGUiOjEyMDAwMDAwMDAwMDAsInVwZGF0ZSI6MTIwMDAwMDAwMDAwMH19",
          "dependencies": [
            "aws_vpc.main"
          ]
        }
      ]
    },
    {
      "mode": "managed",
      "type": "aws_key_pair",
      "name": "ssh_key",
      "provider": "provider[\"registry.terraform.io/hashicorp/aws\"]",
      "instances": [
        {
          "schema_version": 1,
          "attributes": {
            "arn": "arn:aws:ec2:ap-south-1:937833747665:key-pair/iaas-start",
            "fingerprint": "2c:47:91:04:ec:db:32:49:8b:35:16:79:3b:e3:ef:16",
            "id": "iaas-start",
            "key_name": "iaas-start",
            "key_name_prefix": "",
            "key_pair_id": "key-0c282531df4f34941",
            "key_type": "rsa",
            "public_key": "ssh-rsa AAAAB3NzaC1yc2EAAAADAQABAAABgQD7ZQVHgDS3qmn156lhYEpbLBxDfBX0CEzrkeRFWhimEGYSCND4aWGtrtluVMa+OcFgPshRIisQ2DL6tylVjzZtrTUCg1R4kN54+fxN3vboZ/meC5gMcofxZYGc/BFRdKWbuol65Fsx86qR5PS724njynINCPqc3jbpmYGuyxQXWzYIP+ZCB1UMRtfkhpzprd1zIvmqFmLBwYFS1d3+/3xykU2cfuEhHK4mc0wUZ/z99n5Lfx2AX0E3HVgL+Do5QrlaqNhETx/4GE6pLzklqT/Ot9Pu4pKO5RnOLdyUwZ76U0ezE7m4iaijY6igi4PL/8PMumA2gGl9N8Y7GAlG5EQx+QUmKqefgG0oMa82zOeMzcdoh1GLxu7XSkStQwfQEJlyomzThoqQu38Q0wfG+/g4YRP3iA6LTcnOmnnTr0COfn7rvHw11IgsM/qrmAlRL/FQfx+pM6+23LsOZtcwgFDl9IsK3QQLxuGvfNIsj/lXlVqYJ09gucbJRpQUWk/hak8= chauh@Amit",
            "tags": null,
            "tags_all": {}
          },
          "sensitive_attributes": [],
          "private": "eyJzY2hlbWFfdmVyc2lvbiI6IjEifQ==",
          "dependencies": [
            "data.local_file.public_key"
          ]
        }
      ]
    },
    {
      "mode": "managed",
      "type": "aws_lb",
      "name": "front_end",
      "provider": "provider[\"registry.terraform.io/hashicorp/aws\"]",
      "instances": [
        {
          "schema_version": 0,
          "attributes": {
            "access_logs": [
              {
                "bucket": "",
                "enabled": false,
                "prefix": ""
              }
            ],
            "arn": "arn:aws:elasticloadbalancing:ap-south-1:937833747665:loadbalancer/app/front-end/a824860b6fdb6beb",
            "arn_suffix": "app/front-end/a824860b6fdb6beb",
            "customer_owned_ipv4_pool": "",
            "desync_mitigation_mode": "defensive",
            "dns_name": "front-end-2056588351.ap-south-1.elb.amazonaws.com",
            "drop_invalid_header_fields": false,
            "enable_cross_zone_load_balancing": true,
            "enable_deletion_protection": false,
            "enable_http2": true,
            "enable_tls_version_and_cipher_suite_headers": false,
            "enable_waf_fail_open": false,
            "enable_xff_client_port": false,
            "id": "arn:aws:elasticloadbalancing:ap-south-1:937833747665:loadbalancer/app/front-end/a824860b6fdb6beb",
            "idle_timeout": 60,
            "internal": false,
            "ip_address_type": "ipv4",
            "load_balancer_type": "application",
            "name": "front-end",
            "name_prefix": null,
            "preserve_host_header": false,
            "security_groups": [
              "sg-03b6690f9634fa103"
            ],
            "subnet_mapping": [
              {
                "allocation_id": "",
                "ipv6_address": "",
                "outpost_id": "",
                "private_ipv4_address": "",
                "subnet_id": "subnet-0403aec475dfeb2a4"
              },
              {
                "allocation_id": "",
                "ipv6_address": "",
                "outpost_id": "",
                "private_ipv4_address": "",
                "subnet_id": "subnet-0f46ebb0812777fe7"
              }
            ],
            "subnets": [
              "subnet-0403aec475dfeb2a4",
              "subnet-0f46ebb0812777fe7"
            ],
            "tags": null,
            "tags_all": {},
            "timeouts": null,
            "vpc_id": "vpc-08edb45bb14a6d568",
            "xff_header_processing_mode": "append",
            "zone_id": "ZP97RAFLXTNZK"
          },
          "sensitive_attributes": [],
          "private": "eyJlMmJmYjczMC1lY2FhLTExZTYtOGY4OC0zNDM2M2JjN2M0YzAiOnsiY3JlYXRlIjo2MDAwMDAwMDAwMDAsImRlbGV0ZSI6NjAwMDAwMDAwMDAwLCJ1cGRhdGUiOjYwMDAwMDAwMDAwMH19",
          "dependencies": [
            "aws_security_group.alb",
            "aws_subnet.public_a",
            "aws_subnet.public_c",
            "aws_vpc.main"
          ]
        }
      ]
    },
    {
      "mode": "managed",
      "type": "aws_lb_target_group",
      "name": "front_end",
      "provider": "provider[\"registry.terraform.io/hashicorp/aws\"]",
      "instances": [
        {
          "schema_version": 0,
          "attributes": {
            "arn": "arn:aws:elasticloadbalancing:ap-south-1:937833747665:targetgroup/front-end/b3baca7d80eab33d",
            "arn_suffix": "targetgroup/front-end/b3baca7d80eab33d",
            "connection_termination": false,
            "deregistration_delay": "300",
            "health_check": [
              {
                "enabled": true,
                "healthy_threshold": 5,
                "interval": 30,
                "matcher": "200",
                "path": "/",
                "port": "traffic-port",
                "protocol": "HTTP",
                "timeout": 5,
                "unhealthy_threshold": 2
              }
            ],
            "id": "arn:aws:elasticloadbalancing:ap-south-1:937833747665:targetgroup/front-end/b3baca7d80eab33d",
            "ip_address_type": "ipv4",
            "lambda_multi_value_headers_enabled": false,
            "load_balancing_algorithm_type": "round_robin",
            "load_balancing_cross_zone_enabled": "use_load_balancer_configuration",
            "name": "front-end",
            "name_prefix": null,
            "port": 80,
            "preserve_client_ip": null,
            "protocol": "HTTP",
            "protocol_version": "HTTP1",
            "proxy_protocol_v2": false,
            "slow_start": 0,
            "stickiness": [
              {
                "cookie_duration": 86400,
                "cookie_name": "",
                "enabled": false,
                "type": "lb_cookie"
              }
            ],
            "tags": null,
            "tags_all": {},
            "target_failover": [
              {
                "on_deregistration": null,
                "on_unhealthy": null
              }
            ],
            "target_type": "instance",
            "vpc_id": "vpc-08edb45bb14a6d568"
          },
          "sensitive_attributes": [],
          "private": "bnVsbA==",
          "dependencies": [
            "aws_vpc.main"
          ]
        }
      ]
    },
    {
      "mode": "managed",
      "type": "aws_route_table",
      "name": "public",
      "provider": "provider[\"registry.terraform.io/hashicorp/aws\"]",
      "instances": [
        {
          "schema_version": 0,
          "attributes": {
            "arn": "arn:aws:ec2:ap-south-1:937833747665:route-table/rtb-0c74ff3fdbadb8068",
            "id": "rtb-0c74ff3fdbadb8068",
            "owner_id": "937833747665",
            "propagating_vgws": [],
            "route": [
              {
                "carrier_gateway_id": "",
                "cidr_block": "0.0.0.0/0",
                "core_network_arn": "",
                "destination_prefix_list_id": "",
                "egress_only_gateway_id": "",
                "gateway_id": "igw-02e809e1a8b955ff1",
                "instance_id": "",
                "ipv6_cidr_block": "",
                "local_gateway_id": "",
                "nat_gateway_id": "",
                "network_interface_id": "",
                "transit_gateway_id": "",
                "vpc_endpoint_id": "",
                "vpc_peering_connection_id": ""
              }
            ],
            "tags": {
              "Name": "public"
            },
            "tags_all": {
              "Name": "public"
            },
            "timeouts": null,
            "vpc_id": "vpc-08edb45bb14a6d568"
          },
          "sensitive_attributes": [],
          "private": "eyJlMmJmYjczMC1lY2FhLTExZTYtOGY4OC0zNDM2M2JjN2M0YzAiOnsiY3JlYXRlIjozMDAwMDAwMDAwMDAsImRlbGV0ZSI6MzAwMDAwMDAwMDAwLCJ1cGRhdGUiOjEyMDAwMDAwMDAwMH19",
          "dependencies": [
            "aws_internet_gateway.igw",
            "aws_vpc.main"
          ]
        }
      ]
    },
    {
      "mode": "managed",
      "type": "aws_route_table_association",
      "name": "public_a_rt_snet",
      "provider": "provider[\"registry.terraform.io/hashicorp/aws\"]",
      "instances": [
        {
          "schema_version": 0,
          "attributes": {
            "gateway_id": "",
            "id": "rtbassoc-086ca0fff3f413361",
            "route_table_id": "rtb-0c74ff3fdbadb8068",
            "subnet_id": "subnet-0403aec475dfeb2a4",
            "timeouts": null
          },
          "sensitive_attributes": [],
          "private": "eyJlMmJmYjczMC1lY2FhLTExZTYtOGY4OC0zNDM2M2JjN2M0YzAiOnsiY3JlYXRlIjozMDAwMDAwMDAwMDAsImRlbGV0ZSI6MzAwMDAwMDAwMDAwLCJ1cGRhdGUiOjEyMDAwMDAwMDAwMH19",
          "dependencies": [
            "aws_internet_gateway.igw",
            "aws_route_table.public",
            "aws_subnet.public_a",
            "aws_vpc.main"
          ]
        }
      ]
    },
    {
      "mode": "managed",
      "type": "aws_route_table_association",
      "name": "public_c_rt_snet",
      "provider": "provider[\"registry.terraform.io/hashicorp/aws\"]",
      "instances": [
        {
          "schema_version": 0,
          "attributes": {
            "gateway_id": "",
            "id": "rtbassoc-021b29b2c34bb5212",
            "route_table_id": "rtb-0c74ff3fdbadb8068",
            "subnet_id": "subnet-0f46ebb0812777fe7",
            "timeouts": null
          },
          "sensitive_attributes": [],
          "private": "eyJlMmJmYjczMC1lY2FhLTExZTYtOGY4OC0zNDM2M2JjN2M0YzAiOnsiY3JlYXRlIjozMDAwMDAwMDAwMDAsImRlbGV0ZSI6MzAwMDAwMDAwMDAwLCJ1cGRhdGUiOjEyMDAwMDAwMDAwMH19",
          "dependencies": [
            "aws_internet_gateway.igw",
            "aws_route_table.public",
            "aws_subnet.public_c",
            "aws_vpc.main"
          ]
        }
      ]
    },
    {
      "mode": "managed",
      "type": "aws_security_group",
      "name": "alb",
      "provider": "provider[\"registry.terraform.io/hashicorp/aws\"]",
      "instances": [
        {
          "schema_version": 1,
          "attributes": {
            "arn": "arn:aws:ec2:ap-south-1:937833747665:security-group/sg-03b6690f9634fa103",
            "description": "Allow inbound http traffic",
            "egress": [
              {
                "cidr_blocks": [
                  "0.0.0.0/0"
                ],
                "description": "",
                "from_port": 0,
                "ipv6_cidr_blocks": [
                  "::/0"
                ],
                "prefix_list_ids": [],
                "protocol": "-1",
                "security_groups": [],
                "self": false,
                "to_port": 0
              }
            ],
            "id": "sg-03b6690f9634fa103",
            "ingress": [
              {
                "cidr_blocks": [
                  "0.0.0.0/0"
                ],
                "description": "HTTP from VPC",
                "from_port": 80,
                "ipv6_cidr_blocks": [],
                "prefix_list_ids": [],
                "protocol": "tcp",
                "security_groups": [],
                "self": false,
                "to_port": 80
              }
            ],
            "name": "alb",
            "name_prefix": "",
            "owner_id": "937833747665",
            "revoke_rules_on_delete": false,
            "tags": {
              "Name": "alb"
            },
            "tags_all": {
              "Name": "alb"
            },
            "timeouts": null,
            "vpc_id": "vpc-08edb45bb14a6d568"
          },
          "sensitive_attributes": [],
          "private": "eyJlMmJmYjczMC1lY2FhLTExZTYtOGY4OC0zNDM2M2JjN2M0YzAiOnsiY3JlYXRlIjo2MDAwMDAwMDAwMDAsImRlbGV0ZSI6OTAwMDAwMDAwMDAwfSwic2NoZW1hX3ZlcnNpb24iOiIxIn0=",
          "dependencies": [
            "aws_vpc.main"
          ]
        }
      ]
    },
    {
      "mode": "managed",
      "type": "aws_security_group",
      "name": "server",
      "provider": "provider[\"registry.terraform.io/hashicorp/aws\"]",
      "instances": [
        {
          "schema_version": 1,
          "attributes": {
            "arn": "arn:aws:ec2:ap-south-1:937833747665:security-group/sg-0cd6cb1435e3b6bf0",
            "description": "Allow ssh and http inbound traffic",
            "egress": [
              {
                "cidr_blocks": [
                  "0.0.0.0/0"
                ],
                "description": "",
                "from_port": 0,
                "ipv6_cidr_blocks": [
                  "::/0"
                ],
                "prefix_list_ids": [],
                "protocol": "-1",
                "security_groups": [],
                "self": false,
                "to_port": 0
              }
            ],
            "id": "sg-0cd6cb1435e3b6bf0",
            "ingress": [
              {
                "cidr_blocks": [
                  "0.0.0.0/0"
                ],
                "description": "HTTP from VPC",
                "from_port": 80,
                "ipv6_cidr_blocks": [],
                "prefix_list_ids": [],
                "protocol": "tcp",
                "security_groups": [],
                "self": false,
                "to_port": 80
              },
              {
                "cidr_blocks": [
                  "0.0.0.0/0"
                ],
                "description": "SSH from VPC",
                "from_port": 22,
                "ipv6_cidr_blocks": [],
                "prefix_list_ids": [],
                "protocol": "tcp",
                "security_groups": [],
                "self": false,
                "to_port": 22
              }
            ],
            "name": "server",
            "name_prefix": "",
            "owner_id": "937833747665",
            "revoke_rules_on_delete": false,
            "tags": {
              "Name": "allow_ssh_http"
            },
            "tags_all": {
              "Name": "allow_ssh_http"
            },
            "timeouts": null,
            "vpc_id": "vpc-08edb45bb14a6d568"
          },
          "sensitive_attributes": [],
          "private": "eyJlMmJmYjczMC1lY2FhLTExZTYtOGY4OC0zNDM2M2JjN2M0YzAiOnsiY3JlYXRlIjo2MDAwMDAwMDAwMDAsImRlbGV0ZSI6OTAwMDAwMDAwMDAwfSwic2NoZW1hX3ZlcnNpb24iOiIxIn0=",
          "dependencies": [
            "aws_vpc.main"
          ]
        }
      ]
    },
    {
      "mode": "managed",
      "type": "aws_subnet",
      "name": "public_a",
      "provider": "provider[\"registry.terraform.io/hashicorp/aws\"]",
      "instances": [
        {
          "schema_version": 1,
          "attributes": {
            "arn": "arn:aws:ec2:ap-south-1:937833747665:subnet/subnet-0403aec475dfeb2a4",
            "assign_ipv6_address_on_creation": false,
            "availability_zone": "ap-south-1a",
            "availability_zone_id": "aps1-az1",
            "cidr_block": "10.0.0.0/24",
            "customer_owned_ipv4_pool": "",
            "enable_dns64": false,
            "enable_lni_at_device_index": 0,
            "enable_resource_name_dns_a_record_on_launch": false,
            "enable_resource_name_dns_aaaa_record_on_launch": false,
            "id": "subnet-0403aec475dfeb2a4",
            "ipv6_cidr_block": "",
            "ipv6_cidr_block_association_id": "",
            "ipv6_native": false,
            "map_customer_owned_ip_on_launch": false,
            "map_public_ip_on_launch": true,
            "outpost_arn": "",
            "owner_id": "937833747665",
            "private_dns_hostname_type_on_launch": "ip-name",
            "tags": {
              "Name": "public_a"
            },
            "tags_all": {
              "Name": "public_a"
            },
            "timeouts": null,
            "vpc_id": "vpc-08edb45bb14a6d568"
          },
          "sensitive_attributes": [],
          "private": "eyJlMmJmYjczMC1lY2FhLTExZTYtOGY4OC0zNDM2M2JjN2M0YzAiOnsiY3JlYXRlIjo2MDAwMDAwMDAwMDAsImRlbGV0ZSI6MTIwMDAwMDAwMDAwMH0sInNjaGVtYV92ZXJzaW9uIjoiMSJ9",
          "dependencies": [
            "aws_vpc.main"
          ]
        }
      ]
    },
    {
      "mode": "managed",
      "type": "aws_subnet",
      "name": "public_c",
      "provider": "provider[\"registry.terraform.io/hashicorp/aws\"]",
      "instances": [
        {
          "schema_version": 1,
          "attributes": {
            "arn": "arn:aws:ec2:ap-south-1:937833747665:subnet/subnet-0f46ebb0812777fe7",
            "assign_ipv6_address_on_creation": false,
            "availability_zone": "ap-south-1b",
            "availability_zone_id": "aps1-az3",
            "cidr_block": "10.0.1.0/24",
            "customer_owned_ipv4_pool": "",
            "enable_dns64": false,
            "enable_lni_at_device_index": 0,
            "enable_resource_name_dns_a_record_on_launch": false,
            "enable_resource_name_dns_aaaa_record_on_launch": false,
            "id": "subnet-0f46ebb0812777fe7",
            "ipv6_cidr_block": "",
            "ipv6_cidr_block_association_id": "",
            "ipv6_native": false,
            "map_customer_owned_ip_on_launch": false,
            "map_public_ip_on_launch": true,
            "outpost_arn": "",
            "owner_id": "937833747665",
            "private_dns_hostname_type_on_launch": "ip-name",
            "tags": {
              "Name": "public_c"
            },
            "tags_all": {
              "Name": "public_c"
            },
            "timeouts": null,
            "vpc_id": "vpc-08edb45bb14a6d568"
          },
          "sensitive_attributes": [],
          "private": "eyJlMmJmYjczMC1lY2FhLTExZTYtOGY4OC0zNDM2M2JjN2M0YzAiOnsiY3JlYXRlIjo2MDAwMDAwMDAwMDAsImRlbGV0ZSI6MTIwMDAwMDAwMDAwMH0sInNjaGVtYV92ZXJzaW9uIjoiMSJ9",
          "dependencies": [
            "aws_vpc.main"
          ]
        }
      ]
    },
    {
      "mode": "managed",
      "type": "aws_vpc",
      "name": "main",
      "provider": "provider[\"registry.terraform.io/hashicorp/aws\"]",
      "instances": [
        {
          "schema_version": 1,
          "attributes": {
            "arn": "arn:aws:ec2:ap-south-1:937833747665:vpc/vpc-08edb45bb14a6d568",
            "assign_generated_ipv6_cidr_block": false,
            "cidr_block": "10.0.0.0/16",
            "default_network_acl_id": "acl-085898f23af4a9891",
            "default_route_table_id": "rtb-063deb928d7689f3a",
            "default_security_group_id": "sg-0da104b9d66636e17",
            "dhcp_options_id": "dopt-04b8e6bc284895063",
            "enable_classiclink": false,
            "enable_classiclink_dns_support": false,
            "enable_dns_hostnames": true,
            "enable_dns_support": true,
            "enable_network_address_usage_metrics": false,
            "id": "vpc-08edb45bb14a6d568",
            "instance_tenancy": "default",
            "ipv4_ipam_pool_id": null,
            "ipv4_netmask_length": null,
            "ipv6_association_id": "",
            "ipv6_cidr_block": "",
            "ipv6_cidr_block_network_border_group": "",
            "ipv6_ipam_pool_id": "",
            "ipv6_netmask_length": 0,
            "main_route_table_id": "rtb-063deb928d7689f3a",
            "owner_id": "937833747665",
            "tags": {
              "Name": "main"
            },
            "tags_all": {
              "Name": "main"
            }
          },
          "sensitive_attributes": [],
          "private": "eyJzY2hlbWFfdmVyc2lvbiI6IjEifQ=="
        }
      ]
    }
  ],
  "check_results": null
}
